
Microsoft Visual Studio Solution File, Format Version 12.00
# Visual Studio 2017
Project("{FAE04EC0-301F-11D3-BF4B-00C04F79EFBC}") = "RandomTiled", "RandomTiled.csproj", "{0CC38CFD-D993-AABA-CAFC-31918FF694BB}"
EndProject
Project("{FAE04EC0-301F-11D3-BF4B-00C04F79EFBC}") = "RandomTiled.Editor", "RandomTiled.Editor.csproj", "{1AD09BAC-94AC-5653-BB73-C9B7811AA3A1}"
EndProject
Global
	GlobalSection(SolutionConfigurationPlatforms) = preSolution
		Debug|Any CPU = Debug|Any CPU
		Release|Any CPU = Release|Any CPU
	EndGlobalSection
	GlobalSection(ProjectConfigurationPlatforms) = postSolution
		{0CC38CFD-D993-AABA-CAFC-31918FF694BB}.Debug|Any CPU.ActiveCfg = Debug|Any CPU
		{0CC38CFD-D993-AABA-CAFC-31918FF694BB}.Debug|Any CPU.Build.0 = Debug|Any CPU
		{0CC38CFD-D993-AABA-CAFC-31918FF694BB}.Release|Any CPU.ActiveCfg = Release|Any CPU
		{0CC38CFD-D993-AABA-CAFC-31918FF694BB}.Release|Any CPU.Build.0 = Release|Any CPU
		{1AD09BAC-94AC-5653-BB73-C9B7811AA3A1}.Debug|Any CPU.ActiveCfg = Debug|Any CPU
		{1AD09BAC-94AC-5653-BB73-C9B7811AA3A1}.Debug|Any CPU.Build.0 = Debug|Any CPU
		{1AD09BAC-94AC-5653-BB73-C9B7811AA3A1}.Release|Any CPU.ActiveCfg = Release|Any CPU
		{1AD09BAC-94AC-5653-BB73-C9B7811AA3A1}.Release|Any CPU.Build.0 = Release|Any CPU
	EndGlobalSection
	GlobalSection(SolutionProperties) = preSolution
		HideSolutionNode = FALSE
	EndGlobalSection
EndGlobal
